{
  "name": "runtipi-appstore",
  "version": "1.0.0",
  "lockfileVersion": 3,
  "requires": true,
  "packages": {
    "": {
      "name": "runtipi-appstore",
      "version": "1.0.0",
      "license": "MIT",
      "dependencies": {
        "@runtipi/common": "^1.1.3",
        "bun": "^1.2.10",
        "zod-validation-error": "^3.4.0"
      },
      "devDependencies": {
        "@types/bun": "latest",
        "@types/node": "^22.14.1"
      },
      "peerDependencies": {
        "typescript": "^5.0.0"
      }
    },
    "node_modules/@ark/schema": {
      "version": "0.56.0",
      "resolved": "https://registry.npmjs.org/@ark/schema/-/schema-0.56.0.tgz",
      "integrity": "sha512-ECg3hox/6Z/nLajxXqNhgPtNdHWC9zNsDyskwO28WinoFEnWow4IsERNz9AnXRhTZJnYIlAJ4uGn3nlLk65vZA==",
      "license": "MIT",
      "dependencies": {
        "@ark/util": "0.56.0"
      }
    },
    "node_modules/@ark/util": {
      "version": "0.56.0",
      "resolved": "https://registry.npmjs.org/@ark/util/-/util-0.56.0.tgz",
      "integrity": "sha512-BghfRC8b9pNs3vBoDJhcta0/c1J1rsoS1+HgVUreMFPdhz/CRAKReAu57YEllNaSy98rWAdY1gE+gFup7OXpgA==",
      "license": "MIT"
    },
    "node_modules/@oven/bun-darwin-aarch64": {
      "version": "1.2.10",
      "cpu": [
        "arm64"
      ],
      "license": "MIT",
      "optional": true,
      "os": [
        "darwin"
      ]
    },
    "node_modules/@runtipi/common": {
      "version": "1.1.3",
      "resolved": "https://registry.npmjs.org/@runtipi/common/-/common-1.1.3.tgz",
      "integrity": "sha512-04byPdD0leuM4K+9Qe91ZryUxrmnKj3iu5nCjOGVZ4KYILKGVhjyi7zX6VMVhesBh8tVWtvXzqZkUtaQO3l0gQ==",
      "license": "MIT",
      "dependencies": {
        "yaml": "^2.8.2"
      },
      "peerDependencies": {
        "arktype": ">=2",
        "typescript": ">=5"
      }
    },
    "node_modules/@types/bun": {
      "version": "1.3.5",
      "resolved": "https://registry.npmjs.org/@types/bun/-/bun-1.3.5.tgz",
      "integrity": "sha512-RnygCqNrd3srIPEWBd5LFeUYG7plCoH2Yw9WaZGyNmdTEei+gWaHqydbaIRkIkcbXwhBT94q78QljxN0Sk838w==",
      "dev": true,
      "license": "MIT",
      "dependencies": {
        "bun-types": "1.3.5"
      }
    },
    "node_modules/@types/node": {
      "version": "22.14.1",
      "dev": true,
      "license": "MIT",
      "dependencies": {
        "undici-types": "~6.21.0"
      }
    },
    "node_modules/arkregex": {
      "version": "0.0.5",
      "resolved": "https://registry.npmjs.org/arkregex/-/arkregex-0.0.5.tgz",
      "integrity": "sha512-ncYjBdLlh5/QnVsAA8De16Tc9EqmYM7y/WU9j+236KcyYNUXogpz3sC4ATIZYzzLxwI+0sEOaQLEmLmRleaEXw==",
      "license": "MIT",
      "dependencies": {
        "@ark/util": "0.56.0"
      }
    },
    "node_modules/arktype": {
      "version": "2.1.29",
      "resolved": "https://registry.npmjs.org/arktype/-/arktype-2.1.29.tgz",
      "integrity": "sha512-jyfKk4xIOzvYNayqnD8ZJQqOwcrTOUbIU4293yrzAjA3O1dWh61j71ArMQ6tS/u4pD7vabSPe7nG3RCyoXW6RQ==",
      "license": "MIT",
      "peer": true,
      "dependencies": {
        "@ark/schema": "0.56.0",
        "@ark/util": "0.56.0",
        "arkregex": "0.0.5"
      }
    },
    "node_modules/bun": {
      "version": "1.2.10",
      "cpu": [
        "arm64",
        "x64",
        "aarch64"
      ],
      "hasInstallScript": true,
      "license": "MIT",
      "os": [
        "darwin",
        "linux",
        "win32"
      ],
      "bin": {
        "bun": "bin/bun.exe",
        "bunx": "bin/bun.exe"
      },
      "optionalDependencies": {
        "@oven/bun-darwin-aarch64": "1.2.10",
        "@oven/bun-darwin-x64": "1.2.10",
        "@oven/bun-darwin-x64-baseline": "1.2.10",
        "@oven/bun-linux-aarch64": "1.2.10",
        "@oven/bun-linux-aarch64-musl": "1.2.10",
        "@oven/bun-linux-x64": "1.2.10",
        "@oven/bun-linux-x64-baseline": "1.2.10",
        "@oven/bun-linux-x64-musl": "1.2.10",
        "@oven/bun-linux-x64-musl-baseline": "1.2.10",
        "@oven/bun-windows-x64": "1.2.10",
        "@oven/bun-windows-x64-baseline": "1.2.10"
      }
    },
    "node_modules/bun-types": {
      "version": "1.3.5",
      "resolved": "https://registry.npmjs.org/bun-types/-/bun-types-1.3.5.tgz",
      "integrity": "sha512-inmAYe2PFLs0SUbFOWSVD24sg1jFlMPxOjOSSCYqUgn4Hsc3rDc7dFvfVYjFPNHtov6kgUeulV4SxbuIV/stPw==",
      "dev": true,
      "license": "MIT",
      "dependencies": {
        "@types/node": "*"
      }
    },
    "node_modules/typescript": {
      "version": "5.8.3",
      "license": "Apache-2.0",
      "peer": true,
      "bin": {
        "tsc": "bin/tsc",
        "tsserver": "bin/tsserver"
      },
      "engines": {
        "node": ">=14.17"
      }
    },
    "node_modules/undici-types": {
      "version": "6.21.0",
      "dev": true,
      "license": "MIT"
    },
    "node_modules/yaml": {
      "version": "2.8.2",
      "resolved": "https://registry.npmjs.org/yaml/-/yaml-2.8.2.tgz",
      "integrity": "sha512-mplynKqc1C2hTVYxd0PU2xQAc22TI1vShAYGksCCfxbn/dFwnHTNi1bvYsBTkhdUNtGIf5xNOg938rrSSYvS9A==",
      "license": "ISC",
      "bin": {
        "yaml": "bin.mjs"
      },
      "engines": {
        "node": ">= 14.6"
      },
      "funding": {
        "url": "https://github.com/sponsors/eemeli"
      }
    },
    "node_modules/zod": {
      "version": "3.24.3",
      "license": "MIT",
      "peer": true,
      "funding": {
        "url": "https://github.com/sponsors/colinhacks"
      }
    },
    "node_modules/zod-validation-error": {
      "version": "3.4.0",
      "license": "MIT",
      "engines": {
        "node": ">=18.0.0"
      },
      "peerDependencies": {
        "zod": "^3.18.0"
      }
    }
  }
}
